Microsoft Visual Studio Solution File, Format Version 12.00
# Visual Studio Version 17
VisualStudioVersion = 17.0.31903.59
MinimumVisualStudioVersion = 10.0.40219.1
Project("{8BC9CEB8-8B4A-11D0-8D11-00A0C91BC942}") = "KVEngine", "KVEngine.vcxproj", "{210EE75D-52C8-5DF9-BC39-48214DA8DF36}"
EndProject
Project("{8BC9CEB8-8B4A-11D0-8D11-00A0C91BC942}") = "KVClient", "KVClient.vcxproj", "{71B77C25-199D-5E68-983C-511E17B9CF1F}"
	ProjectSection(ProjectDependencies) = postProject
		{210EE75D-52C8-5DF9-BC39-48214DA8DF36} = {210EE75D-52C8-5DF9-BC39-48214DA8DF36}
	EndProjectSection
EndProject
Project("{8BC9CEB8-8B4A-11D0-8D11-00A0C91BC942}") = "Launcher", "Launcher.vcxproj", "{3BDEAB05-CC6D-557F-872C-2AD3B21BB9F5}"
	ProjectSection(ProjectDependencies) = postProject
		{71B77C25-199D-5E68-983C-511E17B9CF1F} = {71B77C25-199D-5E68-983C-511E17B9CF1F}
		{E51CEF36-FB03-5741-83C0-31328001B1A4} = {E51CEF36-FB03-5741-83C0-31328001B1A4}
	EndProjectSection
EndProject
Project("{8BC9CEB8-8B4A-11D0-8D11-00A0C91BC942}") = "Unpacker", "Unpacker.vcxproj", "{75D40D3A-2A22-574D-A56F-5846F050E1AD}"
EndProject
Project("{8BC9CEB8-8B4A-11D0-8D11-00A0C91BC942}") = "MapEditor", "MapEditor.vcxproj", "{C8E0EA0D-001C-5569-A213-0F59D1723126}"
	ProjectSection(ProjectDependencies) = postProject
		{210EE75D-52C8-5DF9-BC39-48214DA8DF36} = {210EE75D-52C8-5DF9-BC39-48214DA8DF36}
	EndProjectSection
EndProject
Project("{8BC9CEB8-8B4A-11D0-8D11-00A0C91BC942}") = "BasicAssetsGenerator", "BasicAssetsGenerator.vcxproj", "{44956768-9751-50A6-97DF-CD5872493C3B}"
	ProjectSection(ProjectDependencies) = postProject
		{210EE75D-52C8-5DF9-BC39-48214DA8DF36} = {210EE75D-52C8-5DF9-BC39-48214DA8DF36}
	EndProjectSection
EndProject
Project("{8BC9CEB8-8B4A-11D0-8D11-00A0C91BC942}") = "GoServer", "GoServer.vcxproj", "{E51CEF36-FB03-5741-83C0-31328001B1A4}"
EndProject
Global
	GlobalSection(SolutionConfigurationPlatforms) = preSolution
		Debug|x64 = Debug|x64
		Release|x64 = Release|x64
	EndGlobalSection
	GlobalSection(ProjectConfigurationPlatforms) = postSolution
		{210EE75D-52C8-5DF9-BC39-48214DA8DF36}.Debug|x64.ActiveCfg = Debug|x64
		{210EE75D-52C8-5DF9-BC39-48214DA8DF36}.Debug|x64.Build.0 = Debug|x64
		{210EE75D-52C8-5DF9-BC39-48214DA8DF36}.Release|x64.ActiveCfg = Release|x64
		{210EE75D-52C8-5DF9-BC39-48214DA8DF36}.Release|x64.Build.0 = Release|x64
		{71B77C25-199D-5E68-983C-511E17B9CF1F}.Debug|x64.ActiveCfg = Debug|x64
		{71B77C25-199D-5E68-983C-511E17B9CF1F}.Debug|x64.Build.0 = Debug|x64
		{71B77C25-199D-5E68-983C-511E17B9CF1F}.Release|x64.ActiveCfg = Release|x64
		{71B77C25-199D-5E68-983C-511E17B9CF1F}.Release|x64.Build.0 = Release|x64
		{3BDEAB05-CC6D-557F-872C-2AD3B21BB9F5}.Debug|x64.ActiveCfg = Debug|x64
		{3BDEAB05-CC6D-557F-872C-2AD3B21BB9F5}.Debug|x64.Build.0 = Debug|x64
		{3BDEAB05-CC6D-557F-872C-2AD3B21BB9F5}.Release|x64.ActiveCfg = Release|x64
		{3BDEAB05-CC6D-557F-872C-2AD3B21BB9F5}.Release|x64.Build.0 = Release|x64
		{75D40D3A-2A22-574D-A56F-5846F050E1AD}.Debug|x64.ActiveCfg = Debug|x64
		{75D40D3A-2A22-574D-A56F-5846F050E1AD}.Debug|x64.Build.0 = Debug|x64
		{75D40D3A-2A22-574D-A56F-5846F050E1AD}.Release|x64.ActiveCfg = Release|x64
		{75D40D3A-2A22-574D-A56F-5846F050E1AD}.Release|x64.Build.0 = Release|x64
		{C8E0EA0D-001C-5569-A213-0F59D1723126}.Debug|x64.ActiveCfg = Debug|x64
		{C8E0EA0D-001C-5569-A213-0F59D1723126}.Debug|x64.Build.0 = Debug|x64
		{C8E0EA0D-001C-5569-A213-0F59D1723126}.Release|x64.ActiveCfg = Release|x64
		{C8E0EA0D-001C-5569-A213-0F59D1723126}.Release|x64.Build.0 = Release|x64
		{44956768-9751-50A6-97DF-CD5872493C3B}.Debug|x64.ActiveCfg = Debug|x64
		{44956768-9751-50A6-97DF-CD5872493C3B}.Debug|x64.Build.0 = Debug|x64
		{44956768-9751-50A6-97DF-CD5872493C3B}.Release|x64.ActiveCfg = Release|x64
		{44956768-9751-50A6-97DF-CD5872493C3B}.Release|x64.Build.0 = Release|x64
		{E51CEF36-FB03-5741-83C0-31328001B1A4}.Debug|x64.ActiveCfg = Debug|x64
		{E51CEF36-FB03-5741-83C0-31328001B1A4}.Debug|x64.Build.0 = Debug|x64
		{E51CEF36-FB03-5741-83C0-31328001B1A4}.Release|x64.ActiveCfg = Release|x64
		{E51CEF36-FB03-5741-83C0-31328001B1A4}.Release|x64.Build.0 = Release|x64
	EndGlobalSection
	GlobalSection(SolutionProperties) = preSolution
		HideSolutionNode = FALSE
	EndGlobalSection
EndGlobal
